// !$*UTF8*$!
{
	archiveVersion = 1;
	classes = {
	};
	objectVersion = 50;
	objects = {

/* Begin PBXBuildFile section */
		958E88572550321800DE5C0E /* CellPDMVVMViewModel.swift in Sources */ = {isa = PBXBuildFile; fileRef = 958E88562550321700DE5C0E /* CellPDMVVMViewModel.swift */; };
		95C2E03B2510ACC0002E3108 /* MainReusableView.swift in Sources */ = {isa = PBXBuildFile; fileRef = 95C2E03A2510ACC0002E3108 /* MainReusableView.swift */; };
		95C2E03D2510ACF0002E3108 /* MainReusableView.xib in Resources */ = {isa = PBXBuildFile; fileRef = 95C2E03C2510ACF0002E3108 /* MainReusableView.xib */; };
		95C2E05B251221EE002E3108 /* PDMVVMViewModel.swift in Sources */ = {isa = PBXBuildFile; fileRef = 95C2E046251221EE002E3108 /* PDMVVMViewModel.swift */; };
		95C2E05C251221EE002E3108 /* SectionsPDMVVMViewModel.swift in Sources */ = {isa = PBXBuildFile; fileRef = 95C2E047251221EE002E3108 /* SectionsPDMVVMViewModel.swift */; };
		95C2E05D251221EE002E3108 /* CollectionPDMVVMViewModel.swift in Sources */ = {isa = PBXBuildFile; fileRef = 95C2E048251221EE002E3108 /* CollectionPDMVVMViewModel.swift */; };
		95C2E05F251221EE002E3108 /* PDMVVMModel.swift in Sources */ = {isa = PBXBuildFile; fileRef = 95C2E04B251221EE002E3108 /* PDMVVMModel.swift */; };
		95C2E060251221EE002E3108 /* PDMVVMSection.swift in Sources */ = {isa = PBXBuildFile; fileRef = 95C2E04C251221EE002E3108 /* PDMVVMSection.swift */; };
		95C2E061251221EE002E3108 /* PDMVVMRule.swift in Sources */ = {isa = PBXBuildFile; fileRef = 95C2E04D251221EE002E3108 /* PDMVVMRule.swift */; };
		95C2E062251221EE002E3108 /* SectionsPDMVVMViewController.swift in Sources */ = {isa = PBXBuildFile; fileRef = 95C2E04F251221EE002E3108 /* SectionsPDMVVMViewController.swift */; };
		95C2E063251221EE002E3108 /* PDMVVMViewController.swift in Sources */ = {isa = PBXBuildFile; fileRef = 95C2E050251221EE002E3108 /* PDMVVMViewController.swift */; };
		95C2E064251221EE002E3108 /* CollectionPDMVVMViewController.swift in Sources */ = {isa = PBXBuildFile; fileRef = 95C2E051251221EE002E3108 /* CollectionPDMVVMViewController.swift */; };
		95C2E065251221EE002E3108 /* PDMVVMCollectionViewFlowLayout.swift in Sources */ = {isa = PBXBuildFile; fileRef = 95C2E052251221EE002E3108 /* PDMVVMCollectionViewFlowLayout.swift */; };
		95C2E06E2512235B002E3108 /* PDMVVMCollectionReusableView.swift in Sources */ = {isa = PBXBuildFile; fileRef = 95C2E06B2512235A002E3108 /* PDMVVMCollectionReusableView.swift */; };
		95C2E06F2512235B002E3108 /* PDMVVMCollectionViewCell.swift in Sources */ = {isa = PBXBuildFile; fileRef = 95C2E06C2512235A002E3108 /* PDMVVMCollectionViewCell.swift */; };
		95C2E0702512235B002E3108 /* PDMVVMView.swift in Sources */ = {isa = PBXBuildFile; fileRef = 95C2E06D2512235A002E3108 /* PDMVVMView.swift */; };
		95EA18432205FF9C00E7FEDB /* AppDelegate.swift in Sources */ = {isa = PBXBuildFile; fileRef = 95EA18422205FF9C00E7FEDB /* AppDelegate.swift */; };
		95EA18452205FF9C00E7FEDB /* HomeViewController.swift in Sources */ = {isa = PBXBuildFile; fileRef = 95EA18442205FF9C00E7FEDB /* HomeViewController.swift */; };
		95EA18482205FF9C00E7FEDB /* Main.storyboard in Resources */ = {isa = PBXBuildFile; fileRef = 95EA18462205FF9C00E7FEDB /* Main.storyboard */; };
		95EA184A2205FF9D00E7FEDB /* Assets.xcassets in Resources */ = {isa = PBXBuildFile; fileRef = 95EA18492205FF9D00E7FEDB /* Assets.xcassets */; };
		95EA184D2205FF9D00E7FEDB /* LaunchScreen.storyboard in Resources */ = {isa = PBXBuildFile; fileRef = 95EA184B2205FF9D00E7FEDB /* LaunchScreen.storyboard */; };
		95EAEE91220B7EDD00019A8B /* MainViewController.swift in Sources */ = {isa = PBXBuildFile; fileRef = 95EAEE90220B7EDD00019A8B /* MainViewController.swift */; };
		95EAEE94220B7F3800019A8B /* MainViewModel.swift in Sources */ = {isa = PBXBuildFile; fileRef = 95EAEE93220B7F3800019A8B /* MainViewModel.swift */; };
		95EAEE99220CD53300019A8B /* MainCell.swift in Sources */ = {isa = PBXBuildFile; fileRef = 95EAEE98220CD53300019A8B /* MainCell.swift */; };
		95EAEE9B220CD55A00019A8B /* MainCell.xib in Resources */ = {isa = PBXBuildFile; fileRef = 95EAEE9A220CD55A00019A8B /* MainCell.xib */; };
		F5BFD4BE0C7913CE9224CD18 /* Pods_PDMVVMExample.framework in Frameworks */ = {isa = PBXBuildFile; fileRef = 8801B334E5CF30971F9847E9 /* Pods_PDMVVMExample.framework */; };
/* End PBXBuildFile section */

/* Begin PBXFileReference section */
		8801B334E5CF30971F9847E9 /* Pods_PDMVVMExample.framework */ = {isa = PBXFileReference; explicitFileType = wrapper.framework; includeInIndex = 0; path = Pods_PDMVVMExample.framework; sourceTree = BUILT_PRODUCTS_DIR; };
		8E2805F375C403DE80E24A28 /* Pods-PDMVVMExample.release.xcconfig */ = {isa = PBXFileReference; includeInIndex = 1; lastKnownFileType = text.xcconfig; name = "Pods-PDMVVMExample.release.xcconfig"; path = "Pods/Target Support Files/Pods-PDMVVMExample/Pods-PDMVVMExample.release.xcconfig"; sourceTree = "<group>"; };
		958E88562550321700DE5C0E /* CellPDMVVMViewModel.swift */ = {isa = PBXFileReference; fileEncoding = 4; lastKnownFileType = sourcecode.swift; path = CellPDMVVMViewModel.swift; sourceTree = "<group>"; };
		95C2E03A2510ACC0002E3108 /* MainReusableView.swift */ = {isa = PBXFileReference; lastKnownFileType = sourcecode.swift; path = MainReusableView.swift; sourceTree = "<group>"; };
		95C2E03C2510ACF0002E3108 /* MainReusableView.xib */ = {isa = PBXFileReference; lastKnownFileType = file.xib; path = MainReusableView.xib; sourceTree = "<group>"; };
		95C2E046251221EE002E3108 /* PDMVVMViewModel.swift */ = {isa = PBXFileReference; fileEncoding = 4; lastKnownFileType = sourcecode.swift; path = PDMVVMViewModel.swift; sourceTree = "<group>"; };
		95C2E047251221EE002E3108 /* SectionsPDMVVMViewModel.swift */ = {isa = PBXFileReference; fileEncoding = 4; lastKnownFileType = sourcecode.swift; path = SectionsPDMVVMViewModel.swift; sourceTree = "<group>"; };
		95C2E048251221EE002E3108 /* CollectionPDMVVMViewModel.swift */ = {isa = PBXFileReference; fileEncoding = 4; lastKnownFileType = sourcecode.swift; path = CollectionPDMVVMViewModel.swift; sourceTree = "<group>"; };
		95C2E04B251221EE002E3108 /* PDMVVMModel.swift */ = {isa = PBXFileReference; fileEncoding = 4; lastKnownFileType = sourcecode.swift; path = PDMVVMModel.swift; sourceTree = "<group>"; };
		95C2E04C251221EE002E3108 /* PDMVVMSection.swift */ = {isa = PBXFileReference; fileEncoding = 4; lastKnownFileType = sourcecode.swift; path = PDMVVMSection.swift; sourceTree = "<group>"; };
		95C2E04D251221EE002E3108 /* PDMVVMRule.swift */ = {isa = PBXFileReference; fileEncoding = 4; lastKnownFileType = sourcecode.swift; path = PDMVVMRule.swift; sourceTree = "<group>"; };
		95C2E04F251221EE002E3108 /* SectionsPDMVVMViewController.swift */ = {isa = PBXFileReference; fileEncoding = 4; lastKnownFileType = sourcecode.swift; path = SectionsPDMVVMViewController.swift; sourceTree = "<group>"; };
		95C2E050251221EE002E3108 /* PDMVVMViewController.swift */ = {isa = PBXFileReference; fileEncoding = 4; lastKnownFileType = sourcecode.swift; path = PDMVVMViewController.swift; sourceTree = "<group>"; };
		95C2E051251221EE002E3108 /* CollectionPDMVVMViewController.swift */ = {isa = PBXFileReference; fileEncoding = 4; lastKnownFileType = sourcecode.swift; path = CollectionPDMVVMViewController.swift; sourceTree = "<group>"; };
		95C2E052251221EE002E3108 /* PDMVVMCollectionViewFlowLayout.swift */ = {isa = PBXFileReference; fileEncoding = 4; lastKnownFileType = sourcecode.swift; path = PDMVVMCollectionViewFlowLayout.swift; sourceTree = "<group>"; };
		95C2E06B2512235A002E3108 /* PDMVVMCollectionReusableView.swift */ = {isa = PBXFileReference; fileEncoding = 4; lastKnownFileType = sourcecode.swift; path = PDMVVMCollectionReusableView.swift; sourceTree = "<group>"; };
		95C2E06C2512235A002E3108 /* PDMVVMCollectionViewCell.swift */ = {isa = PBXFileReference; fileEncoding = 4; lastKnownFileType = sourcecode.swift; path = PDMVVMCollectionViewCell.swift; sourceTree = "<group>"; };
		95C2E06D2512235A002E3108 /* PDMVVMView.swift */ = {isa = PBXFileReference; fileEncoding = 4; lastKnownFileType = sourcecode.swift; path = PDMVVMView.swift; sourceTree = "<group>"; };
		95EA183F2205FF9C00E7FEDB /* PDMVVMExample.app */ = {isa = PBXFileReference; explicitFileType = wrapper.application; includeInIndex = 0; path = PDMVVMExample.app; sourceTree = BUILT_PRODUCTS_DIR; };
		95EA18422205FF9C00E7FEDB /* AppDelegate.swift */ = {isa = PBXFileReference; lastKnownFileType = sourcecode.swift; path = AppDelegate.swift; sourceTree = "<group>"; };
		95EA18442205FF9C00E7FEDB /* HomeViewController.swift */ = {isa = PBXFileReference; lastKnownFileType = sourcecode.swift; path = HomeViewController.swift; sourceTree = "<group>"; };
		95EA18472205FF9C00E7FEDB /* Base */ = {isa = PBXFileReference; lastKnownFileType = file.storyboard; name = Base; path = Base.lproj/Main.storyboard; sourceTree = "<group>"; };
		95EA18492205FF9D00E7FEDB /* Assets.xcassets */ = {isa = PBXFileReference; lastKnownFileType = folder.assetcatalog; path = Assets.xcassets; sourceTree = "<group>"; };
		95EA184C2205FF9D00E7FEDB /* Base */ = {isa = PBXFileReference; lastKnownFileType = file.storyboard; name = Base; path = Base.lproj/LaunchScreen.storyboard; sourceTree = "<group>"; };
		95EA184E2205FF9D00E7FEDB /* Info.plist */ = {isa = PBXFileReference; lastKnownFileType = text.plist.xml; path = Info.plist; sourceTree = "<group>"; };
		95EAEE90220B7EDD00019A8B /* MainViewController.swift */ = {isa = PBXFileReference; lastKnownFileType = sourcecode.swift; path = MainViewController.swift; sourceTree = "<group>"; };
		95EAEE93220B7F3800019A8B /* MainViewModel.swift */ = {isa = PBXFileReference; lastKnownFileType = sourcecode.swift; path = MainViewModel.swift; sourceTree = "<group>"; };
		95EAEE98220CD53300019A8B /* MainCell.swift */ = {isa = PBXFileReference; lastKnownFileType = sourcecode.swift; path = MainCell.swift; sourceTree = "<group>"; };
		95EAEE9A220CD55A00019A8B /* MainCell.xib */ = {isa = PBXFileReference; lastKnownFileType = file.xib; path = MainCell.xib; sourceTree = "<group>"; };
		B4CE10AC2C9D21FF9D57E605 /* Pods-PDMVVMExample.debug.xcconfig */ = {isa = PBXFileReference; includeInIndex = 1; lastKnownFileType = text.xcconfig; name = "Pods-PDMVVMExample.debug.xcconfig"; path = "Pods/Target Support Files/Pods-PDMVVMExample/Pods-PDMVVMExample.debug.xcconfig"; sourceTree = "<group>"; };
/* End PBXFileReference section */

/* Begin PBXFrameworksBuildPhase section */
		95EA183C2205FF9C00E7FEDB /* Frameworks */ = {
			isa = PBXFrameworksBuildPhase;
			buildActionMask = 2147483647;
			files = (
				F5BFD4BE0C7913CE9224CD18 /* Pods_PDMVVMExample.framework in Frameworks */,
			);
			runOnlyForDeploymentPostprocessing = 0;
		};
/* End PBXFrameworksBuildPhase section */

/* Begin PBXGroup section */
		01940125B9AC0307FC8EC4ED /* Frameworks */ = {
			isa = PBXGroup;
			children = (
				8801B334E5CF30971F9847E9 /* Pods_PDMVVMExample.framework */,
			);
			name = Frameworks;
			sourceTree = "<group>";
		};
		958E885325502FFA00DE5C0E /* Base */ = {
			isa = PBXGroup;
			children = (
				95C2E050251221EE002E3108 /* PDMVVMViewController.swift */,
				95C2E046251221EE002E3108 /* PDMVVMViewModel.swift */,
				95C2E04B251221EE002E3108 /* PDMVVMModel.swift */,
				95C2E04D251221EE002E3108 /* PDMVVMRule.swift */,
				95C2E06D2512235A002E3108 /* PDMVVMView.swift */,
			);
			path = Base;
			sourceTree = "<group>";
		};
		958E88542550302600DE5C0E /* Section */ = {
			isa = PBXGroup;
			children = (
				958E88562550321700DE5C0E /* CellPDMVVMViewModel.swift */,
				95C2E04F251221EE002E3108 /* SectionsPDMVVMViewController.swift */,
				95C2E047251221EE002E3108 /* SectionsPDMVVMViewModel.swift */,
				95C2E04C251221EE002E3108 /* PDMVVMSection.swift */,
			);
			path = Section;
			sourceTree = "<group>";
		};
		958E88552550305D00DE5C0E /* Collection */ = {
			isa = PBXGroup;
			children = (
				95C2E051251221EE002E3108 /* CollectionPDMVVMViewController.swift */,
				95C2E048251221EE002E3108 /* CollectionPDMVVMViewModel.swift */,
				95C2E06B2512235A002E3108 /* PDMVVMCollectionReusableView.swift */,
				95C2E052251221EE002E3108 /* PDMVVMCollectionViewFlowLayout.swift */,
				95C2E06C2512235A002E3108 /* PDMVVMCollectionViewCell.swift */,
			);
			path = Collection;
			sourceTree = "<group>";
		};
		95C2E044251221EE002E3108 /* PDMVVM */ = {
			isa = PBXGroup;
			children = (
				958E885325502FFA00DE5C0E /* Base */,
				958E88542550302600DE5C0E /* Section */,
				958E88552550305D00DE5C0E /* Collection */,
			);
			name = PDMVVM;
			path = ../../PDMVVM;
			sourceTree = "<group>";
		};
		95EA18362205FF9C00E7FEDB = {
			isa = PBXGroup;
			children = (
				95EA18412205FF9C00E7FEDB /* PDMVVMExample */,
				95EA18402205FF9C00E7FEDB /* Products */,
				EA21B7B88B3635C5B1532F6D /* Pods */,
				01940125B9AC0307FC8EC4ED /* Frameworks */,
			);
			sourceTree = "<group>";
		};
		95EA18402205FF9C00E7FEDB /* Products */ = {
			isa = PBXGroup;
			children = (
				95EA183F2205FF9C00E7FEDB /* PDMVVMExample.app */,
			);
			name = Products;
			sourceTree = "<group>";
		};
		95EA18412205FF9C00E7FEDB /* PDMVVMExample */ = {
			isa = PBXGroup;
			children = (
				95C2E044251221EE002E3108 /* PDMVVM */,
				95EA185C220600E400E7FEDB /* ViewControllers */,
				95EAEE8F220B7DEC00019A8B /* ViewModels */,
				95EAEE97220CD4E000019A8B /* Views */,
				95EA185B220600AF00E7FEDB /* Resourses */,
				95EA185A220600A500E7FEDB /* Application */,
			);
			path = PDMVVMExample;
			sourceTree = "<group>";
		};
		95EA185A220600A500E7FEDB /* Application */ = {
			isa = PBXGroup;
			children = (
				95EA184B2205FF9D00E7FEDB /* LaunchScreen.storyboard */,
				95EA184E2205FF9D00E7FEDB /* Info.plist */,
				95EA18422205FF9C00E7FEDB /* AppDelegate.swift */,
			);
			path = Application;
			sourceTree = "<group>";
		};
		95EA185B220600AF00E7FEDB /* Resourses */ = {
			isa = PBXGroup;
			children = (
				95EA18492205FF9D00E7FEDB /* Assets.xcassets */,
			);
			path = Resourses;
			sourceTree = "<group>";
		};
		95EA185C220600E400E7FEDB /* ViewControllers */ = {
			isa = PBXGroup;
			children = (
				95EA18442205FF9C00E7FEDB /* HomeViewController.swift */,
				95EAEE90220B7EDD00019A8B /* MainViewController.swift */,
				95EA18462205FF9C00E7FEDB /* Main.storyboard */,
			);
			path = ViewControllers;
			sourceTree = "<group>";
		};
		95EAEE8F220B7DEC00019A8B /* ViewModels */ = {
			isa = PBXGroup;
			children = (
				95EAEE93220B7F3800019A8B /* MainViewModel.swift */,
			);
			path = ViewModels;
			sourceTree = "<group>";
		};
		95EAEE97220CD4E000019A8B /* Views */ = {
			isa = PBXGroup;
			children = (
				95EAEE98220CD53300019A8B /* MainCell.swift */,
				95EAEE9A220CD55A00019A8B /* MainCell.xib */,
				95C2E03A2510ACC0002E3108 /* MainReusableView.swift */,
				95C2E03C2510ACF0002E3108 /* MainReusableView.xib */,
			);
			path = Views;
			sourceTree = "<group>";
		};
		EA21B7B88B3635C5B1532F6D /* Pods */ = {
			isa = PBXGroup;
			children = (
				B4CE10AC2C9D21FF9D57E605 /* Pods-PDMVVMExample.debug.xcconfig */,
				8E2805F375C403DE80E24A28 /* Pods-PDMVVMExample.release.xcconfig */,
			);
			name = Pods;
			sourceTree = "<group>";
		};
/* End PBXGroup section */

/* Begin PBXNativeTarget section */
		95EA183E2205FF9C00E7FEDB /* PDMVVMExample */ = {
			isa = PBXNativeTarget;
			buildConfigurationList = 95EA18512205FF9D00E7FEDB /* Build configuration list for PBXNativeTarget "PDMVVMExample" */;
			buildPhases = (
				33BE1E242B357D8A16107506 /* [CP] Check Pods Manifest.lock */,
				95EA183B2205FF9C00E7FEDB /* Sources */,
				95EA183C2205FF9C00E7FEDB /* Frameworks */,
				95EA183D2205FF9C00E7FEDB /* Resources */,
			);
			buildRules = (
			);
			dependencies = (
			);
			name = PDMVVMExample;
			productName = PDMVVMExample;
			productReference = 95EA183F2205FF9C00E7FEDB /* PDMVVMExample.app */;
			productType = "com.apple.product-type.application";
		};
/* End PBXNativeTarget section */

/* Begin PBXProject section */
		95EA18372205FF9C00E7FEDB /* Project object */ = {
			isa = PBXProject;
			attributes = {
				LastSwiftUpdateCheck = 1010;
				LastUpgradeCheck = 1010;
				ORGANIZATIONNAME = "Pavel Deminov";
				TargetAttributes = {
					95EA183E2205FF9C00E7FEDB = {
						CreatedOnToolsVersion = 10.1;
						LastSwiftMigration = 1170;
					};
				};
			};
			buildConfigurationList = 95EA183A2205FF9C00E7FEDB /* Build configuration list for PBXProject "PDMVVMExample" */;
			compatibilityVersion = "Xcode 9.3";
			developmentRegion = en;
			hasScannedForEncodings = 0;
			knownRegions = (
				en,
				Base,
			);
			mainGroup = 95EA18362205FF9C00E7FEDB;
			productRefGroup = 95EA18402205FF9C00E7FEDB /* Products */;
			projectDirPath = "";
			projectRoot = "";
			targets = (
				95EA183E2205FF9C00E7FEDB /* PDMVVMExample */,
			);
		};
/* End PBXProject section */

/* Begin PBXResourcesBuildPhase section */
		95EA183D2205FF9C00E7FEDB /* Resources */ = {
			isa = PBXResourcesBuildPhase;
			buildActionMask = 2147483647;
			files = (
				95EA184D2205FF9D00E7FEDB /* LaunchScreen.storyboard in Resources */,
				95EA184A2205FF9D00E7FEDB /* Assets.xcassets in Resources */,
				95EAEE9B220CD55A00019A8B /* MainCell.xib in Resources */,
				95EA18482205FF9C00E7FEDB /* Main.storyboard in Resources */,
				95C2E03D2510ACF0002E3108 /* MainReusableView.xib in Resources */,
			);
			runOnlyForDeploymentPostprocessing = 0;
		};
/* End PBXResourcesBuildPhase section */

/* Begin PBXShellScriptBuildPhase section */
		33BE1E242B357D8A16107506 /* [CP] Check Pods Manifest.lock */ = {
			isa = PBXShellScriptBuildPhase;
			buildActionMask = 2147483647;
			files = (
			);
			inputPaths = (
				"${PODS_PODFILE_DIR_PATH}/Podfile.lock",
				"${PODS_ROOT}/Manifest.lock",
			);
			name = "[CP] Check Pods Manifest.lock";
			outputPaths = (
				"$(DERIVED_FILE_DIR)/Pods-PDMVVMExample-checkManifestLockResult.txt",
			);
			runOnlyForDeploymentPostprocessing = 0;
			shellPath = /bin/sh;
			shellScript = "diff \"${PODS_PODFILE_DIR_PATH}/Podfile.lock\" \"${PODS_ROOT}/Manifest.lock\" > /dev/null\nif [ $? != 0 ] ; then\n    # print error to STDERR\n    echo \"error: The sandbox is not in sync with the Podfile.lock. Run 'pod install' or update your CocoaPods installation.\" >&2\n    exit 1\nfi\n# This output is used by Xcode 'outputs' to avoid re-running this script phase.\necho \"SUCCESS\" > \"${SCRIPT_OUTPUT_FILE_0}\"\n";
			showEnvVarsInLog = 0;
		};
/* End PBXShellScriptBuildPhase section */

/* Begin PBXSourcesBuildPhase section */
		95EA183B2205FF9C00E7FEDB /* Sources */ = {
			isa = PBXSourcesBuildPhase;
			buildActionMask = 2147483647;
			files = (
				95EA18452205FF9C00E7FEDB /* HomeViewController.swift in Sources */,
				95EAEE94220B7F3800019A8B /* MainViewModel.swift in Sources */,
				95C2E063251221EE002E3108 /* PDMVVMViewController.swift in Sources */,
				95EA18432205FF9C00E7FEDB /* AppDelegate.swift in Sources */,
				95C2E064251221EE002E3108 /* CollectionPDMVVMViewController.swift in Sources */,
				95C2E06E2512235B002E3108 /* PDMVVMCollectionReusableView.swift in Sources */,
				95C2E061251221EE002E3108 /* PDMVVMRule.swift in Sources */,
				95EAEE91220B7EDD00019A8B /* MainViewController.swift in Sources */,
				95C2E06F2512235B002E3108 /* PDMVVMCollectionViewCell.swift in Sources */,
				95C2E05B251221EE002E3108 /* PDMVVMViewModel.swift in Sources */,
				95C2E065251221EE002E3108 /* PDMVVMCollectionViewFlowLayout.swift in Sources */,
				95C2E062251221EE002E3108 /* SectionsPDMVVMViewController.swift in Sources */,
				95C2E03B2510ACC0002E3108 /* MainReusableView.swift in Sources */,
				95C2E05C251221EE002E3108 /* SectionsPDMVVMViewModel.swift in Sources */,
				95C2E05D251221EE002E3108 /* CollectionPDMVVMViewModel.swift in Sources */,
				95C2E05F251221EE002E3108 /* PDMVVMModel.swift in Sources */,
				95C2E0702512235B002E3108 /* PDMVVMView.swift in Sources */,
				95C2E060251221EE002E3108 /* PDMVVMSection.swift in Sources */,
				958E88572550321800DE5C0E /* CellPDMVVMViewModel.swift in Sources */,
				95EAEE99220CD53300019A8B /* MainCell.swift in Sources */,
			);
			runOnlyForDeploymentPostprocessing = 0;
		};
/* End PBXSourcesBuildPhase section */

/* Begin PBXVariantGroup section */
		95EA18462205FF9C00E7FEDB /* Main.storyboard */ = {
			isa = PBXVariantGroup;
			children = (
				95EA18472205FF9C00E7FEDB /* Base */,
			);
			name = Main.storyboard;
			sourceTree = "<group>";
		};
		95EA184B2205FF9D00E7FEDB /* LaunchScreen.storyboard */ = {
			isa = PBXVariantGroup;
			children = (
				95EA184C2205FF9D00E7FEDB /* Base */,
			);
			name = LaunchScreen.storyboard;
			sourceTree = "<group>";
		};
/* End PBXVariantGroup section */

/* Begin XCBuildConfiguration section */
		95EA184F2205FF9D00E7FEDB /* Debug */ = {
			isa = XCBuildConfiguration;
			buildSettings = {
				ALWAYS_SEARCH_USER_PATHS = NO;
				CLANG_ANALYZER_NONNULL = YES;
				CLANG_ANALYZER_NUMBER_OBJECT_CONVERSION = YES_AGGRESSIVE;
				CLANG_CXX_LANGUAGE_STANDARD = "gnu++14";
				CLANG_CXX_LIBRARY = "libc++";
				CLANG_ENABLE_MODULES = YES;
				CLANG_ENABLE_OBJC_ARC = YES;
				CLANG_ENABLE_OBJC_WEAK = YES;
				CLANG_WARN_BLOCK_CAPTURE_AUTORELEASING = YES;
				CLANG_WARN_BOOL_CONVERSION = YES;
				CLANG_WARN_COMMA = YES;
				CLANG_WARN_CONSTANT_CONVERSION = YES;
				CLANG_WARN_DEPRECATED_OBJC_IMPLEMENTATIONS = YES;
				CLANG_WARN_DIRECT_OBJC_ISA_USAGE = YES_ERROR;
				CLANG_WARN_DOCUMENTATION_COMMENTS = YES;
				CLANG_WARN_EMPTY_BODY = YES;
				CLANG_WARN_ENUM_CONVERSION = YES;
				CLANG_WARN_INFINITE_RECURSION = YES;
				CLANG_WARN_INT_CONVERSION = YES;
				CLANG_WARN_NON_LITERAL_NULL_CONVERSION = YES;
				CLANG_WARN_OBJC_IMPLICIT_RETAIN_SELF = YES;
				CLANG_WARN_OBJC_LITERAL_CONVERSION = YES;
				CLANG_WARN_OBJC_ROOT_CLASS = YES_ERROR;
				CLANG_WARN_RANGE_LOOP_ANALYSIS = YES;
				CLANG_WARN_STRICT_PROTOTYPES = YES;
				CLANG_WARN_SUSPICIOUS_MOVE = YES;
				CLANG_WARN_UNGUARDED_AVAILABILITY = YES_AGGRESSIVE;
				CLANG_WARN_UNREACHABLE_CODE = YES;
				CLANG_WARN__DUPLICATE_METHOD_MATCH = YES;
				CODE_SIGN_IDENTITY = "iPhone Developer";
				COPY_PHASE_STRIP = NO;
				DEBUG_INFORMATION_FORMAT = dwarf;
				ENABLE_STRICT_OBJC_MSGSEND = YES;
				ENABLE_TESTABILITY = YES;
				GCC_C_LANGUAGE_STANDARD = gnu11;
				GCC_DYNAMIC_NO_PIC = NO;
				GCC_NO_COMMON_BLOCKS = YES;
				GCC_OPTIMIZATION_LEVEL = 0;
				GCC_PREPROCESSOR_DEFINITIONS = (
					"DEBUG=1",
					"$(inherited)",
				);
				GCC_WARN_64_TO_32_BIT_CONVERSION = YES;
				GCC_WARN_ABOUT_RETURN_TYPE = YES_ERROR;
				GCC_WARN_UNDECLARED_SELECTOR = YES;
				GCC_WARN_UNINITIALIZED_AUTOS = YES_AGGRESSIVE;
				GCC_WARN_UNUSED_FUNCTION = YES;
				GCC_WARN_UNUSED_VARIABLE = YES;
				IPHONEOS_DEPLOYMENT_TARGET = 12.1;
				MTL_ENABLE_DEBUG_INFO = INCLUDE_SOURCE;
				MTL_FAST_MATH = YES;
				ONLY_ACTIVE_ARCH = YES;
				SDKROOT = iphoneos;
				SWIFT_ACTIVE_COMPILATION_CONDITIONS = DEBUG;
				SWIFT_OPTIMIZATION_LEVEL = "-Onone";
			};
			name = Debug;
		};
		95EA18502205FF9D00E7FEDB /* Release */ = {
			isa = XCBuildConfiguration;
			buildSettings = {
				ALWAYS_SEARCH_USER_PATHS = NO;
				CLANG_ANALYZER_NONNULL = YES;
				CLANG_ANALYZER_NUMBER_OBJECT_CONVERSION = YES_AGGRESSIVE;
				CLANG_CXX_LANGUAGE_STANDARD = "gnu++14";
				CLANG_CXX_LIBRARY = "libc++";
				CLANG_ENABLE_MODULES = YES;
				CLANG_ENABLE_OBJC_ARC = YES;
				CLANG_ENABLE_OBJC_WEAK = YES;
				CLANG_WARN_BLOCK_CAPTURE_AUTORELEASING = YES;
				CLANG_WARN_BOOL_CONVERSION = YES;
				CLANG_WARN_COMMA = YES;
				CLANG_WARN_CONSTANT_CONVERSION = YES;
				CLANG_WARN_DEPRECATED_OBJC_IMPLEMENTATIONS = YES;
				CLANG_WARN_DIRECT_OBJC_ISA_USAGE = YES_ERROR;
				CLANG_WARN_DOCUMENTATION_COMMENTS = YES;
				CLANG_WARN_EMPTY_BODY = YES;
				CLANG_WARN_ENUM_CONVERSION = YES;
				CLANG_WARN_INFINITE_RECURSION = YES;
				CLANG_WARN_INT_CONVERSION = YES;
				CLANG_WARN_NON_LITERAL_NULL_CONVERSION = YES;
				CLANG_WARN_OBJC_IMPLICIT_RETAIN_SELF = YES;
				CLANG_WARN_OBJC_LITERAL_CONVERSION = YES;
				CLANG_WARN_OBJC_ROOT_CLASS = YES_ERROR;
				CLANG_WARN_RANGE_LOOP_ANALYSIS = YES;
				CLANG_WARN_STRICT_PROTOTYPES = YES;
				CLANG_WARN_SUSPICIOUS_MOVE = YES;
				CLANG_WARN_UNGUARDED_AVAILABILITY = YES_AGGRESSIVE;
				CLANG_WARN_UNREACHABLE_CODE = YES;
				CLANG_WARN__DUPLICATE_METHOD_MATCH = YES;
				CODE_SIGN_IDENTITY = "iPhone Developer";
				COPY_PHASE_STRIP = NO;
				DEBUG_INFORMATION_FORMAT = "dwarf-with-dsym";
				ENABLE_NS_ASSERTIONS = NO;
				ENABLE_STRICT_OBJC_MSGSEND = YES;
				GCC_C_LANGUAGE_STANDARD = gnu11;
				GCC_NO_COMMON_BLOCKS = YES;
				GCC_WARN_64_TO_32_BIT_CONVERSION = YES;
				GCC_WARN_ABOUT_RETURN_TYPE = YES_ERROR;
				GCC_WARN_UNDECLARED_SELECTOR = YES;
				GCC_WARN_UNINITIALIZED_AUTOS = YES_AGGRESSIVE;
				GCC_WARN_UNUSED_FUNCTION = YES;
				GCC_WARN_UNUSED_VARIABLE = YES;
				IPHONEOS_DEPLOYMENT_TARGET = 12.1;
				MTL_ENABLE_DEBUG_INFO = NO;
				MTL_FAST_MATH = YES;
				SDKROOT = iphoneos;
				SWIFT_COMPILATION_MODE = wholemodule;
				SWIFT_OPTIMIZATION_LEVEL = "-O";
				VALIDATE_PRODUCT = YES;
			};
			name = Release;
		};
		95EA18522205FF9D00E7FEDB /* Debug */ = {
			isa = XCBuildConfiguration;
			baseConfigurationReference = B4CE10AC2C9D21FF9D57E605 /* Pods-PDMVVMExample.debug.xcconfig */;
			buildSettings = {
				ASSETCATALOG_COMPILER_APPICON_NAME = AppIcon;
				CODE_SIGN_STYLE = Automatic;
				DEVELOPMENT_TEAM = A4Q293H75S;
				INFOPLIST_FILE = "$(SRCROOT)/PDMVVMExample/Application/Info.plist";
				IPHONEOS_DEPLOYMENT_TARGET = 9.0;
				LD_RUNPATH_SEARCH_PATHS = (
					"$(inherited)",
					"@executable_path/Frameworks",
				);
				PRODUCT_BUNDLE_IDENTIFIER = pavelDeminov.PDMVVMExample;
				PRODUCT_NAME = "$(TARGET_NAME)";
				SWIFT_VERSION = 5.0;
				TARGETED_DEVICE_FAMILY = "1,2";
			};
			name = Debug;
		};
		95EA18532205FF9D00E7FEDB /* Release */ = {
			isa = XCBuildConfiguration;
			baseConfigurationReference = 8E2805F375C403DE80E24A28 /* Pods-PDMVVMExample.release.xcconfig */;
			buildSettings = {
				ASSETCATALOG_COMPILER_APPICON_NAME = AppIcon;
				CODE_SIGN_STYLE = Automatic;
				DEVELOPMENT_TEAM = A4Q293H75S;
				INFOPLIST_FILE = "$(SRCROOT)/PDMVVMExample/Application/Info.plist";
				IPHONEOS_DEPLOYMENT_TARGET = 9.0;
				LD_RUNPATH_SEARCH_PATHS = (
					"$(inherited)",
					"@executable_path/Frameworks",
				);
				PRODUCT_BUNDLE_IDENTIFIER = pavelDeminov.PDMVVMExample;
				PRODUCT_NAME = "$(TARGET_NAME)";
				SWIFT_VERSION = 5.0;
				TARGETED_DEVICE_FAMILY = "1,2";
			};
			name = Release;
		};
/* End XCBuildConfiguration section */

/* Begin XCConfigurationList section */
		95EA183A2205FF9C00E7FEDB /* Build configuration list for PBXProject "PDMVVMExample" */ = {
			isa = XCConfigurationList;
			buildConfigurations = (
				95EA184F2205FF9D00E7FEDB /* Debug */,
				95EA18502205FF9D00E7FEDB /* Release */,
			);
			defaultConfigurationIsVisible = 0;
			defaultConfigurationName = Release;
		};
		95EA18512205FF9D00E7FEDB /* Build configuration list for PBXNativeTarget "PDMVVMExample" */ = {
			isa = XCConfigurationList;
			buildConfigurations = (
				95EA18522205FF9D00E7FEDB /* Debug */,
				95EA18532205FF9D00E7FEDB /* Release */,
			);
			defaultConfigurationIsVisible = 0;
			defaultConfigurationName = Release;
		};
/* End XCConfigurationList section */
	};
	rootObject = 95EA18372205FF9C00E7FEDB /* Project object */;
}
