// !$*UTF8*$!
{
	archiveVersion = 1;
	classes = {
	};
	objectVersion = 50;
	objects = {

/* Begin PBXBuildFile section */
		657F32E02289644687600437 /* libPods-PDMVVM.a in Frameworks */ = {isa = PBXBuildFile; fileRef = 8559F60D568B4F3965140B84 /* libPods-PDMVVM.a */; };
		95B322F320CE9676007D4DAE /* AppDelegate.m in Sources */ = {isa = PBXBuildFile; fileRef = 95B322F220CE9676007D4DAE /* AppDelegate.m */; };
		95B322F620CE9676007D4DAE /* ViewController.m in Sources */ = {isa = PBXBuildFile; fileRef = 95B322F520CE9676007D4DAE /* ViewController.m */; };
		95B322F920CE9676007D4DAE /* Main.storyboard in Resources */ = {isa = PBXBuildFile; fileRef = 95B322F720CE9676007D4DAE /* Main.storyboard */; };
		95B322FB20CE9678007D4DAE /* Assets.xcassets in Resources */ = {isa = PBXBuildFile; fileRef = 95B322FA20CE9678007D4DAE /* Assets.xcassets */; };
		95B322FE20CE9678007D4DAE /* LaunchScreen.storyboard in Resources */ = {isa = PBXBuildFile; fileRef = 95B322FC20CE9678007D4DAE /* LaunchScreen.storyboard */; };
		95B3230120CE9678007D4DAE /* main.m in Sources */ = {isa = PBXBuildFile; fileRef = 95B3230020CE9678007D4DAE /* main.m */; };
		95B3235520CE9A78007D4DAE /* PDScrollViewCell.m in Sources */ = {isa = PBXBuildFile; fileRef = 95B3230920CE9A78007D4DAE /* PDScrollViewCell.m */; };
		95B3235620CE9A78007D4DAE /* PDScrollViewController.m in Sources */ = {isa = PBXBuildFile; fileRef = 95B3230A20CE9A78007D4DAE /* PDScrollViewController.m */; };
		95B3235720CE9A78007D4DAE /* PDTableViewController.m in Sources */ = {isa = PBXBuildFile; fileRef = 95B3230E20CE9A78007D4DAE /* PDTableViewController.m */; };
		95B3235820CE9A78007D4DAE /* PDTableViewHeaderFooter.m in Sources */ = {isa = PBXBuildFile; fileRef = 95B3231020CE9A78007D4DAE /* PDTableViewHeaderFooter.m */; };
		95B3235920CE9A78007D4DAE /* PDFRCTableViewController.m in Sources */ = {isa = PBXBuildFile; fileRef = 95B3231120CE9A78007D4DAE /* PDFRCTableViewController.m */; };
		95B3235A20CE9A78007D4DAE /* PDTableViewCell.m in Sources */ = {isa = PBXBuildFile; fileRef = 95B3231220CE9A78007D4DAE /* PDTableViewCell.m */; };
		95B3235B20CE9A78007D4DAE /* PDViewModel.m in Sources */ = {isa = PBXBuildFile; fileRef = 95B3231720CE9A78007D4DAE /* PDViewModel.m */; };
		95B3235C20CE9A78007D4DAE /* PDSectionsViewModel.m in Sources */ = {isa = PBXBuildFile; fileRef = 95B3231920CE9A78007D4DAE /* PDSectionsViewModel.m */; };
		95B3235D20CE9A78007D4DAE /* PDCollectionViewCell.m in Sources */ = {isa = PBXBuildFile; fileRef = 95B3231C20CE9A78007D4DAE /* PDCollectionViewCell.m */; };
		95B3235E20CE9A78007D4DAE /* PDCollectionViewController.m in Sources */ = {isa = PBXBuildFile; fileRef = 95B3231D20CE9A78007D4DAE /* PDCollectionViewController.m */; };
		95B3235F20CE9A78007D4DAE /* TitleTextFieldErrorBuilder.m in Sources */ = {isa = PBXBuildFile; fileRef = 95B3232120CE9A78007D4DAE /* TitleTextFieldErrorBuilder.m */; };
		95B3236020CE9A78007D4DAE /* TitleBuilder.m in Sources */ = {isa = PBXBuildFile; fileRef = 95B3232320CE9A78007D4DAE /* TitleBuilder.m */; };
		95B3236120CE9A78007D4DAE /* TitleValueBuilder.m in Sources */ = {isa = PBXBuildFile; fileRef = 95B3232620CE9A78007D4DAE /* TitleValueBuilder.m */; };
		95B3236220CE9A78007D4DAE /* PDDataSource.m in Sources */ = {isa = PBXBuildFile; fileRef = 95B3232920CE9A78007D4DAE /* PDDataSource.m */; };
		95B3236320CE9A78007D4DAE /* PDItem.m in Sources */ = {isa = PBXBuildFile; fileRef = 95B3232A20CE9A78007D4DAE /* PDItem.m */; };
		95B3236420CE9A78007D4DAE /* PDRule.m in Sources */ = {isa = PBXBuildFile; fileRef = 95B3232F20CE9A78007D4DAE /* PDRule.m */; };
		95B3236520CE9A78007D4DAE /* PDSection.m in Sources */ = {isa = PBXBuildFile; fileRef = 95B3233020CE9A78007D4DAE /* PDSection.m */; };
		95B3236620CE9A78007D4DAE /* PDFRCSectionInfoAdapter.m in Sources */ = {isa = PBXBuildFile; fileRef = 95B3233320CE9A78007D4DAE /* PDFRCSectionInfoAdapter.m */; };
		95B3236720CE9A78007D4DAE /* PDImageView.m in Sources */ = {isa = PBXBuildFile; fileRef = 95B3233820CE9A78007D4DAE /* PDImageView.m */; };
		95B3236820CE9A78007D4DAE /* PDErrorLabel.m in Sources */ = {isa = PBXBuildFile; fileRef = 95B3233920CE9A78007D4DAE /* PDErrorLabel.m */; };
		95B3236920CE9A78007D4DAE /* PDActivityIndicatorView.m in Sources */ = {isa = PBXBuildFile; fileRef = 95B3233A20CE9A78007D4DAE /* PDActivityIndicatorView.m */; };
		95B3236A20CE9A78007D4DAE /* PDTitleLabel.m in Sources */ = {isa = PBXBuildFile; fileRef = 95B3233B20CE9A78007D4DAE /* PDTitleLabel.m */; };
		95B3236B20CE9A78007D4DAE /* PDValueLabel.m in Sources */ = {isa = PBXBuildFile; fileRef = 95B3233D20CE9A78007D4DAE /* PDValueLabel.m */; };
		95B3236C20CE9A78007D4DAE /* PDButton.m in Sources */ = {isa = PBXBuildFile; fileRef = 95B3233F20CE9A78007D4DAE /* PDButton.m */; };
		95B3236D20CE9A78007D4DAE /* PDLabel.m in Sources */ = {isa = PBXBuildFile; fileRef = 95B3234120CE9A78007D4DAE /* PDLabel.m */; };
		95B3236E20CE9A78007D4DAE /* PDRefreshControl.m in Sources */ = {isa = PBXBuildFile; fileRef = 95B3234220CE9A78007D4DAE /* PDRefreshControl.m */; };
		95B3236F20CE9A78007D4DAE /* PDConfirmButton.m in Sources */ = {isa = PBXBuildFile; fileRef = 95B3234320CE9A78007D4DAE /* PDConfirmButton.m */; };
		95B3237020CE9A78007D4DAE /* PDDateLabel.m in Sources */ = {isa = PBXBuildFile; fileRef = 95B3234520CE9A78007D4DAE /* PDDateLabel.m */; };
		95B3237120CE9A78007D4DAE /* PDTextField.m in Sources */ = {isa = PBXBuildFile; fileRef = 95B3234A20CE9A78007D4DAE /* PDTextField.m */; };
		95B3237220CE9A78007D4DAE /* PDSectionsViewController.m in Sources */ = {isa = PBXBuildFile; fileRef = 95B3235220CE9A78007D4DAE /* PDSectionsViewController.m */; };
		95B3237320CE9A78007D4DAE /* PDBaseViewController.m in Sources */ = {isa = PBXBuildFile; fileRef = 95B3235320CE9A78007D4DAE /* PDBaseViewController.m */; };
/* End PBXBuildFile section */

/* Begin PBXFileReference section */
		8559F60D568B4F3965140B84 /* libPods-PDMVVM.a */ = {isa = PBXFileReference; explicitFileType = archive.ar; includeInIndex = 0; path = "libPods-PDMVVM.a"; sourceTree = BUILT_PRODUCTS_DIR; };
		95B322EE20CE9676007D4DAE /* PDMVVM.app */ = {isa = PBXFileReference; explicitFileType = wrapper.application; includeInIndex = 0; path = PDMVVM.app; sourceTree = BUILT_PRODUCTS_DIR; };
		95B322F120CE9676007D4DAE /* AppDelegate.h */ = {isa = PBXFileReference; lastKnownFileType = sourcecode.c.h; path = AppDelegate.h; sourceTree = "<group>"; };
		95B322F220CE9676007D4DAE /* AppDelegate.m */ = {isa = PBXFileReference; lastKnownFileType = sourcecode.c.objc; path = AppDelegate.m; sourceTree = "<group>"; };
		95B322F420CE9676007D4DAE /* ViewController.h */ = {isa = PBXFileReference; lastKnownFileType = sourcecode.c.h; path = ViewController.h; sourceTree = "<group>"; };
		95B322F520CE9676007D4DAE /* ViewController.m */ = {isa = PBXFileReference; lastKnownFileType = sourcecode.c.objc; path = ViewController.m; sourceTree = "<group>"; };
		95B322F820CE9676007D4DAE /* Base */ = {isa = PBXFileReference; lastKnownFileType = file.storyboard; name = Base; path = Base.lproj/Main.storyboard; sourceTree = "<group>"; };
		95B322FA20CE9678007D4DAE /* Assets.xcassets */ = {isa = PBXFileReference; lastKnownFileType = folder.assetcatalog; path = Assets.xcassets; sourceTree = "<group>"; };
		95B322FD20CE9678007D4DAE /* Base */ = {isa = PBXFileReference; lastKnownFileType = file.storyboard; name = Base; path = Base.lproj/LaunchScreen.storyboard; sourceTree = "<group>"; };
		95B322FF20CE9678007D4DAE /* Info.plist */ = {isa = PBXFileReference; lastKnownFileType = text.plist.xml; path = Info.plist; sourceTree = "<group>"; };
		95B3230020CE9678007D4DAE /* main.m */ = {isa = PBXFileReference; lastKnownFileType = sourcecode.c.objc; path = main.m; sourceTree = "<group>"; };
		95B3230920CE9A78007D4DAE /* PDScrollViewCell.m */ = {isa = PBXFileReference; fileEncoding = 4; lastKnownFileType = sourcecode.c.objc; path = PDScrollViewCell.m; sourceTree = "<group>"; };
		95B3230A20CE9A78007D4DAE /* PDScrollViewController.m */ = {isa = PBXFileReference; fileEncoding = 4; lastKnownFileType = sourcecode.c.objc; path = PDScrollViewController.m; sourceTree = "<group>"; };
		95B3230B20CE9A78007D4DAE /* PDScrollViewCell.h */ = {isa = PBXFileReference; fileEncoding = 4; lastKnownFileType = sourcecode.c.h; path = PDScrollViewCell.h; sourceTree = "<group>"; };
		95B3230C20CE9A78007D4DAE /* PDScrollViewController.h */ = {isa = PBXFileReference; fileEncoding = 4; lastKnownFileType = sourcecode.c.h; path = PDScrollViewController.h; sourceTree = "<group>"; };
		95B3230E20CE9A78007D4DAE /* PDTableViewController.m */ = {isa = PBXFileReference; fileEncoding = 4; lastKnownFileType = sourcecode.c.objc; path = PDTableViewController.m; sourceTree = "<group>"; };
		95B3230F20CE9A78007D4DAE /* PDTableViewCell.h */ = {isa = PBXFileReference; fileEncoding = 4; lastKnownFileType = sourcecode.c.h; path = PDTableViewCell.h; sourceTree = "<group>"; };
		95B3231020CE9A78007D4DAE /* PDTableViewHeaderFooter.m */ = {isa = PBXFileReference; fileEncoding = 4; lastKnownFileType = sourcecode.c.objc; path = PDTableViewHeaderFooter.m; sourceTree = "<group>"; };
		95B3231120CE9A78007D4DAE /* PDFRCTableViewController.m */ = {isa = PBXFileReference; fileEncoding = 4; lastKnownFileType = sourcecode.c.objc; path = PDFRCTableViewController.m; sourceTree = "<group>"; };
		95B3231220CE9A78007D4DAE /* PDTableViewCell.m */ = {isa = PBXFileReference; fileEncoding = 4; lastKnownFileType = sourcecode.c.objc; path = PDTableViewCell.m; sourceTree = "<group>"; };
		95B3231320CE9A78007D4DAE /* PDTableViewController.h */ = {isa = PBXFileReference; fileEncoding = 4; lastKnownFileType = sourcecode.c.h; path = PDTableViewController.h; sourceTree = "<group>"; };
		95B3231420CE9A78007D4DAE /* PDTableViewHeaderFooter.h */ = {isa = PBXFileReference; fileEncoding = 4; lastKnownFileType = sourcecode.c.h; path = PDTableViewHeaderFooter.h; sourceTree = "<group>"; };
		95B3231520CE9A78007D4DAE /* PDFRCTableViewController.h */ = {isa = PBXFileReference; fileEncoding = 4; lastKnownFileType = sourcecode.c.h; path = PDFRCTableViewController.h; sourceTree = "<group>"; };
		95B3231720CE9A78007D4DAE /* PDViewModel.m */ = {isa = PBXFileReference; fileEncoding = 4; lastKnownFileType = sourcecode.c.objc; path = PDViewModel.m; sourceTree = "<group>"; };
		95B3231820CE9A78007D4DAE /* PDSectionsViewModel.h */ = {isa = PBXFileReference; fileEncoding = 4; lastKnownFileType = sourcecode.c.h; path = PDSectionsViewModel.h; sourceTree = "<group>"; };
		95B3231920CE9A78007D4DAE /* PDSectionsViewModel.m */ = {isa = PBXFileReference; fileEncoding = 4; lastKnownFileType = sourcecode.c.objc; path = PDSectionsViewModel.m; sourceTree = "<group>"; };
		95B3231A20CE9A78007D4DAE /* PDViewModel.h */ = {isa = PBXFileReference; fileEncoding = 4; lastKnownFileType = sourcecode.c.h; path = PDViewModel.h; sourceTree = "<group>"; };
		95B3231C20CE9A78007D4DAE /* PDCollectionViewCell.m */ = {isa = PBXFileReference; fileEncoding = 4; lastKnownFileType = sourcecode.c.objc; path = PDCollectionViewCell.m; sourceTree = "<group>"; };
		95B3231D20CE9A78007D4DAE /* PDCollectionViewController.m */ = {isa = PBXFileReference; fileEncoding = 4; lastKnownFileType = sourcecode.c.objc; path = PDCollectionViewController.m; sourceTree = "<group>"; };
		95B3231E20CE9A78007D4DAE /* PDCollectionViewController.h */ = {isa = PBXFileReference; fileEncoding = 4; lastKnownFileType = sourcecode.c.h; path = PDCollectionViewController.h; sourceTree = "<group>"; };
		95B3231F20CE9A78007D4DAE /* PDCollectionViewCell.h */ = {isa = PBXFileReference; fileEncoding = 4; lastKnownFileType = sourcecode.c.h; path = PDCollectionViewCell.h; sourceTree = "<group>"; };
		95B3232120CE9A78007D4DAE /* TitleTextFieldErrorBuilder.m */ = {isa = PBXFileReference; fileEncoding = 4; lastKnownFileType = sourcecode.c.objc; path = TitleTextFieldErrorBuilder.m; sourceTree = "<group>"; };
		95B3232220CE9A78007D4DAE /* TitleValueBuilder.h */ = {isa = PBXFileReference; fileEncoding = 4; lastKnownFileType = sourcecode.c.h; path = TitleValueBuilder.h; sourceTree = "<group>"; };
		95B3232320CE9A78007D4DAE /* TitleBuilder.m */ = {isa = PBXFileReference; fileEncoding = 4; lastKnownFileType = sourcecode.c.objc; path = TitleBuilder.m; sourceTree = "<group>"; };
		95B3232420CE9A78007D4DAE /* TitleTextFieldErrorBuilder.h */ = {isa = PBXFileReference; fileEncoding = 4; lastKnownFileType = sourcecode.c.h; path = TitleTextFieldErrorBuilder.h; sourceTree = "<group>"; };
		95B3232520CE9A78007D4DAE /* TitleBuilder.h */ = {isa = PBXFileReference; fileEncoding = 4; lastKnownFileType = sourcecode.c.h; path = TitleBuilder.h; sourceTree = "<group>"; };
		95B3232620CE9A78007D4DAE /* TitleValueBuilder.m */ = {isa = PBXFileReference; fileEncoding = 4; lastKnownFileType = sourcecode.c.objc; path = TitleValueBuilder.m; sourceTree = "<group>"; };
		95B3232720CE9A78007D4DAE /* PDStrategy.h */ = {isa = PBXFileReference; fileEncoding = 4; lastKnownFileType = sourcecode.c.h; path = PDStrategy.h; sourceTree = "<group>"; };
		95B3232920CE9A78007D4DAE /* PDDataSource.m */ = {isa = PBXFileReference; fileEncoding = 4; lastKnownFileType = sourcecode.c.objc; path = PDDataSource.m; sourceTree = "<group>"; };
		95B3232A20CE9A78007D4DAE /* PDItem.m */ = {isa = PBXFileReference; fileEncoding = 4; lastKnownFileType = sourcecode.c.objc; path = PDItem.m; sourceTree = "<group>"; };
		95B3232B20CE9A78007D4DAE /* PDRule.h */ = {isa = PBXFileReference; fileEncoding = 4; lastKnownFileType = sourcecode.c.h; path = PDRule.h; sourceTree = "<group>"; };
		95B3232C20CE9A78007D4DAE /* PDSection.h */ = {isa = PBXFileReference; fileEncoding = 4; lastKnownFileType = sourcecode.c.h; path = PDSection.h; sourceTree = "<group>"; };
		95B3232D20CE9A78007D4DAE /* PDDataSource.h */ = {isa = PBXFileReference; fileEncoding = 4; lastKnownFileType = sourcecode.c.h; path = PDDataSource.h; sourceTree = "<group>"; };
		95B3232E20CE9A78007D4DAE /* PDItem.h */ = {isa = PBXFileReference; fileEncoding = 4; lastKnownFileType = sourcecode.c.h; path = PDItem.h; sourceTree = "<group>"; };
		95B3232F20CE9A78007D4DAE /* PDRule.m */ = {isa = PBXFileReference; fileEncoding = 4; lastKnownFileType = sourcecode.c.objc; path = PDRule.m; sourceTree = "<group>"; };
		95B3233020CE9A78007D4DAE /* PDSection.m */ = {isa = PBXFileReference; fileEncoding = 4; lastKnownFileType = sourcecode.c.objc; path = PDSection.m; sourceTree = "<group>"; };
		95B3233220CE9A78007D4DAE /* PDFRCSectionInfoAdapter.h */ = {isa = PBXFileReference; fileEncoding = 4; lastKnownFileType = sourcecode.c.h; path = PDFRCSectionInfoAdapter.h; sourceTree = "<group>"; };
		95B3233320CE9A78007D4DAE /* PDFRCSectionInfoAdapter.m */ = {isa = PBXFileReference; fileEncoding = 4; lastKnownFileType = sourcecode.c.objc; path = PDFRCSectionInfoAdapter.m; sourceTree = "<group>"; };
		95B3233520CE9A78007D4DAE /* PDConfirmButton.h */ = {isa = PBXFileReference; fileEncoding = 4; lastKnownFileType = sourcecode.c.h; path = PDConfirmButton.h; sourceTree = "<group>"; };
		95B3233620CE9A78007D4DAE /* PDRefreshControl.h */ = {isa = PBXFileReference; fileEncoding = 4; lastKnownFileType = sourcecode.c.h; path = PDRefreshControl.h; sourceTree = "<group>"; };
		95B3233720CE9A78007D4DAE /* PDLabel.h */ = {isa = PBXFileReference; fileEncoding = 4; lastKnownFileType = sourcecode.c.h; path = PDLabel.h; sourceTree = "<group>"; };
		95B3233820CE9A78007D4DAE /* PDImageView.m */ = {isa = PBXFileReference; fileEncoding = 4; lastKnownFileType = sourcecode.c.objc; path = PDImageView.m; sourceTree = "<group>"; };
		95B3233920CE9A78007D4DAE /* PDErrorLabel.m */ = {isa = PBXFileReference; fileEncoding = 4; lastKnownFileType = sourcecode.c.objc; path = PDErrorLabel.m; sourceTree = "<group>"; };
		95B3233A20CE9A78007D4DAE /* PDActivityIndicatorView.m */ = {isa = PBXFileReference; fileEncoding = 4; lastKnownFileType = sourcecode.c.objc; path = PDActivityIndicatorView.m; sourceTree = "<group>"; };
		95B3233B20CE9A78007D4DAE /* PDTitleLabel.m */ = {isa = PBXFileReference; fileEncoding = 4; lastKnownFileType = sourcecode.c.objc; path = PDTitleLabel.m; sourceTree = "<group>"; };
		95B3233C20CE9A78007D4DAE /* PDDateLabel.h */ = {isa = PBXFileReference; fileEncoding = 4; lastKnownFileType = sourcecode.c.h; path = PDDateLabel.h; sourceTree = "<group>"; };
		95B3233D20CE9A78007D4DAE /* PDValueLabel.m */ = {isa = PBXFileReference; fileEncoding = 4; lastKnownFileType = sourcecode.c.objc; path = PDValueLabel.m; sourceTree = "<group>"; };
		95B3233E20CE9A78007D4DAE /* PDTextField.h */ = {isa = PBXFileReference; fileEncoding = 4; lastKnownFileType = sourcecode.c.h; path = PDTextField.h; sourceTree = "<group>"; };
		95B3233F20CE9A78007D4DAE /* PDButton.m */ = {isa = PBXFileReference; fileEncoding = 4; lastKnownFileType = sourcecode.c.objc; path = PDButton.m; sourceTree = "<group>"; };
		95B3234020CE9A78007D4DAE /* PDImageView.h */ = {isa = PBXFileReference; fileEncoding = 4; lastKnownFileType = sourcecode.c.h; path = PDImageView.h; sourceTree = "<group>"; };
		95B3234120CE9A78007D4DAE /* PDLabel.m */ = {isa = PBXFileReference; fileEncoding = 4; lastKnownFileType = sourcecode.c.objc; path = PDLabel.m; sourceTree = "<group>"; };
		95B3234220CE9A78007D4DAE /* PDRefreshControl.m */ = {isa = PBXFileReference; fileEncoding = 4; lastKnownFileType = sourcecode.c.objc; path = PDRefreshControl.m; sourceTree = "<group>"; };
		95B3234320CE9A78007D4DAE /* PDConfirmButton.m */ = {isa = PBXFileReference; fileEncoding = 4; lastKnownFileType = sourcecode.c.objc; path = PDConfirmButton.m; sourceTree = "<group>"; };
		95B3234420CE9A78007D4DAE /* PDValueLabel.h */ = {isa = PBXFileReference; fileEncoding = 4; lastKnownFileType = sourcecode.c.h; path = PDValueLabel.h; sourceTree = "<group>"; };
		95B3234520CE9A78007D4DAE /* PDDateLabel.m */ = {isa = PBXFileReference; fileEncoding = 4; lastKnownFileType = sourcecode.c.objc; path = PDDateLabel.m; sourceTree = "<group>"; };
		95B3234620CE9A78007D4DAE /* PDTitleLabel.h */ = {isa = PBXFileReference; fileEncoding = 4; lastKnownFileType = sourcecode.c.h; path = PDTitleLabel.h; sourceTree = "<group>"; };
		95B3234720CE9A78007D4DAE /* PDActivityIndicatorView.h */ = {isa = PBXFileReference; fileEncoding = 4; lastKnownFileType = sourcecode.c.h; path = PDActivityIndicatorView.h; sourceTree = "<group>"; };
		95B3234820CE9A78007D4DAE /* PDErrorLabel.h */ = {isa = PBXFileReference; fileEncoding = 4; lastKnownFileType = sourcecode.c.h; path = PDErrorLabel.h; sourceTree = "<group>"; };
		95B3234920CE9A78007D4DAE /* PDButton.h */ = {isa = PBXFileReference; fileEncoding = 4; lastKnownFileType = sourcecode.c.h; path = PDButton.h; sourceTree = "<group>"; };
		95B3234A20CE9A78007D4DAE /* PDTextField.m */ = {isa = PBXFileReference; fileEncoding = 4; lastKnownFileType = sourcecode.c.objc; path = PDTextField.m; sourceTree = "<group>"; };
		95B3234C20CE9A78007D4DAE /* PDSectionInfo.h */ = {isa = PBXFileReference; fileEncoding = 4; lastKnownFileType = sourcecode.c.h; path = PDSectionInfo.h; sourceTree = "<group>"; };
		95B3234D20CE9A78007D4DAE /* PDHeaderFooterInfo.h */ = {isa = PBXFileReference; fileEncoding = 4; lastKnownFileType = sourcecode.c.h; path = PDHeaderFooterInfo.h; sourceTree = "<group>"; };
		95B3234E20CE9A78007D4DAE /* PDCellInfo.h */ = {isa = PBXFileReference; fileEncoding = 4; lastKnownFileType = sourcecode.c.h; path = PDCellInfo.h; sourceTree = "<group>"; };
		95B3234F20CE9A78007D4DAE /* PDItemInfo.h */ = {isa = PBXFileReference; fileEncoding = 4; lastKnownFileType = sourcecode.c.h; path = PDItemInfo.h; sourceTree = "<group>"; };
		95B3235120CE9A78007D4DAE /* PDBaseViewController.h */ = {isa = PBXFileReference; fileEncoding = 4; lastKnownFileType = sourcecode.c.h; path = PDBaseViewController.h; sourceTree = "<group>"; };
		95B3235220CE9A78007D4DAE /* PDSectionsViewController.m */ = {isa = PBXFileReference; fileEncoding = 4; lastKnownFileType = sourcecode.c.objc; path = PDSectionsViewController.m; sourceTree = "<group>"; };
		95B3235320CE9A78007D4DAE /* PDBaseViewController.m */ = {isa = PBXFileReference; fileEncoding = 4; lastKnownFileType = sourcecode.c.objc; path = PDBaseViewController.m; sourceTree = "<group>"; };
		95B3235420CE9A78007D4DAE /* PDSectionsViewController.h */ = {isa = PBXFileReference; fileEncoding = 4; lastKnownFileType = sourcecode.c.h; path = PDSectionsViewController.h; sourceTree = "<group>"; };
		B263E66A0B8635F5B81DE070 /* Pods-PDMVVM.debug.xcconfig */ = {isa = PBXFileReference; includeInIndex = 1; lastKnownFileType = text.xcconfig; name = "Pods-PDMVVM.debug.xcconfig"; path = "Pods/Target Support Files/Pods-PDMVVM/Pods-PDMVVM.debug.xcconfig"; sourceTree = "<group>"; };
		C8FA0EA90CE340F740847FE4 /* Pods-PDMVVM.release.xcconfig */ = {isa = PBXFileReference; includeInIndex = 1; lastKnownFileType = text.xcconfig; name = "Pods-PDMVVM.release.xcconfig"; path = "Pods/Target Support Files/Pods-PDMVVM/Pods-PDMVVM.release.xcconfig"; sourceTree = "<group>"; };
/* End PBXFileReference section */

/* Begin PBXFrameworksBuildPhase section */
		95B322EB20CE9676007D4DAE /* Frameworks */ = {
			isa = PBXFrameworksBuildPhase;
			buildActionMask = 2147483647;
			files = (
				657F32E02289644687600437 /* libPods-PDMVVM.a in Frameworks */,
			);
			runOnlyForDeploymentPostprocessing = 0;
		};
/* End PBXFrameworksBuildPhase section */

/* Begin PBXGroup section */
		3C586481638AEADE585E27B6 /* Frameworks */ = {
			isa = PBXGroup;
			children = (
				8559F60D568B4F3965140B84 /* libPods-PDMVVM.a */,
			);
			name = Frameworks;
			sourceTree = "<group>";
		};
		95B322E520CE9676007D4DAE = {
			isa = PBXGroup;
			children = (
				95B322F020CE9676007D4DAE /* PDMVVM */,
				95B322EF20CE9676007D4DAE /* Products */,
				E13DB57BB6BC94D1533129B8 /* Pods */,
				3C586481638AEADE585E27B6 /* Frameworks */,
			);
			sourceTree = "<group>";
		};
		95B322EF20CE9676007D4DAE /* Products */ = {
			isa = PBXGroup;
			children = (
				95B322EE20CE9676007D4DAE /* PDMVVM.app */,
			);
			name = Products;
			sourceTree = "<group>";
		};
		95B322F020CE9676007D4DAE /* PDMVVM */ = {
			isa = PBXGroup;
			children = (
				95B3230720CE9A78007D4DAE /* PDMVVM */,
				95B322F120CE9676007D4DAE /* AppDelegate.h */,
				95B322F220CE9676007D4DAE /* AppDelegate.m */,
				95B322F420CE9676007D4DAE /* ViewController.h */,
				95B322F520CE9676007D4DAE /* ViewController.m */,
				95B322F720CE9676007D4DAE /* Main.storyboard */,
				95B322FA20CE9678007D4DAE /* Assets.xcassets */,
				95B322FC20CE9678007D4DAE /* LaunchScreen.storyboard */,
				95B322FF20CE9678007D4DAE /* Info.plist */,
				95B3230020CE9678007D4DAE /* main.m */,
			);
			path = PDMVVM;
			sourceTree = "<group>";
		};
		95B3230720CE9A78007D4DAE /* PDMVVM */ = {
			isa = PBXGroup;
			children = (
				95B3230820CE9A78007D4DAE /* ScrollView */,
				95B3230D20CE9A78007D4DAE /* TableView */,
				95B3231620CE9A78007D4DAE /* ViewModels */,
				95B3231B20CE9A78007D4DAE /* CollectionView */,
				95B3232020CE9A78007D4DAE /* Builders */,
				95B3232720CE9A78007D4DAE /* PDStrategy.h */,
				95B3232820CE9A78007D4DAE /* Models */,
				95B3233120CE9A78007D4DAE /* Adapters */,
				95B3233420CE9A78007D4DAE /* Views */,
				95B3234B20CE9A78007D4DAE /* Protocols */,
				95B3235020CE9A78007D4DAE /* Base */,
			);
			path = PDMVVM;
			sourceTree = "<group>";
		};
		95B3230820CE9A78007D4DAE /* ScrollView */ = {
			isa = PBXGroup;
			children = (
				95B3230920CE9A78007D4DAE /* PDScrollViewCell.m */,
				95B3230A20CE9A78007D4DAE /* PDScrollViewController.m */,
				95B3230B20CE9A78007D4DAE /* PDScrollViewCell.h */,
				95B3230C20CE9A78007D4DAE /* PDScrollViewController.h */,
			);
			path = ScrollView;
			sourceTree = "<group>";
		};
		95B3230D20CE9A78007D4DAE /* TableView */ = {
			isa = PBXGroup;
			children = (
				95B3230E20CE9A78007D4DAE /* PDTableViewController.m */,
				95B3230F20CE9A78007D4DAE /* PDTableViewCell.h */,
				95B3231020CE9A78007D4DAE /* PDTableViewHeaderFooter.m */,
				95B3231120CE9A78007D4DAE /* PDFRCTableViewController.m */,
				95B3231220CE9A78007D4DAE /* PDTableViewCell.m */,
				95B3231320CE9A78007D4DAE /* PDTableViewController.h */,
				95B3231420CE9A78007D4DAE /* PDTableViewHeaderFooter.h */,
				95B3231520CE9A78007D4DAE /* PDFRCTableViewController.h */,
			);
			path = TableView;
			sourceTree = "<group>";
		};
		95B3231620CE9A78007D4DAE /* ViewModels */ = {
			isa = PBXGroup;
			children = (
				95B3231720CE9A78007D4DAE /* PDViewModel.m */,
				95B3231820CE9A78007D4DAE /* PDSectionsViewModel.h */,
				95B3231920CE9A78007D4DAE /* PDSectionsViewModel.m */,
				95B3231A20CE9A78007D4DAE /* PDViewModel.h */,
			);
			path = ViewModels;
			sourceTree = "<group>";
		};
		95B3231B20CE9A78007D4DAE /* CollectionView */ = {
			isa = PBXGroup;
			children = (
				95B3231C20CE9A78007D4DAE /* PDCollectionViewCell.m */,
				95B3231D20CE9A78007D4DAE /* PDCollectionViewController.m */,
				95B3231E20CE9A78007D4DAE /* PDCollectionViewController.h */,
				95B3231F20CE9A78007D4DAE /* PDCollectionViewCell.h */,
			);
			path = CollectionView;
			sourceTree = "<group>";
		};
		95B3232020CE9A78007D4DAE /* Builders */ = {
			isa = PBXGroup;
			children = (
				95B3232120CE9A78007D4DAE /* TitleTextFieldErrorBuilder.m */,
				95B3232220CE9A78007D4DAE /* TitleValueBuilder.h */,
				95B3232320CE9A78007D4DAE /* TitleBuilder.m */,
				95B3232420CE9A78007D4DAE /* TitleTextFieldErrorBuilder.h */,
				95B3232520CE9A78007D4DAE /* TitleBuilder.h */,
				95B3232620CE9A78007D4DAE /* TitleValueBuilder.m */,
			);
			path = Builders;
			sourceTree = "<group>";
		};
		95B3232820CE9A78007D4DAE /* Models */ = {
			isa = PBXGroup;
			children = (
				95B3232920CE9A78007D4DAE /* PDDataSource.m */,
				95B3232A20CE9A78007D4DAE /* PDItem.m */,
				95B3232B20CE9A78007D4DAE /* PDRule.h */,
				95B3232C20CE9A78007D4DAE /* PDSection.h */,
				95B3232D20CE9A78007D4DAE /* PDDataSource.h */,
				95B3232E20CE9A78007D4DAE /* PDItem.h */,
				95B3232F20CE9A78007D4DAE /* PDRule.m */,
				95B3233020CE9A78007D4DAE /* PDSection.m */,
			);
			path = Models;
			sourceTree = "<group>";
		};
		95B3233120CE9A78007D4DAE /* Adapters */ = {
			isa = PBXGroup;
			children = (
				95B3233220CE9A78007D4DAE /* PDFRCSectionInfoAdapter.h */,
				95B3233320CE9A78007D4DAE /* PDFRCSectionInfoAdapter.m */,
			);
			path = Adapters;
			sourceTree = "<group>";
		};
		95B3233420CE9A78007D4DAE /* Views */ = {
			isa = PBXGroup;
			children = (
				95B3233520CE9A78007D4DAE /* PDConfirmButton.h */,
				95B3233620CE9A78007D4DAE /* PDRefreshControl.h */,
				95B3233720CE9A78007D4DAE /* PDLabel.h */,
				95B3233820CE9A78007D4DAE /* PDImageView.m */,
				95B3233920CE9A78007D4DAE /* PDErrorLabel.m */,
				95B3233A20CE9A78007D4DAE /* PDActivityIndicatorView.m */,
				95B3233B20CE9A78007D4DAE /* PDTitleLabel.m */,
				95B3233C20CE9A78007D4DAE /* PDDateLabel.h */,
				95B3233D20CE9A78007D4DAE /* PDValueLabel.m */,
				95B3233E20CE9A78007D4DAE /* PDTextField.h */,
				95B3233F20CE9A78007D4DAE /* PDButton.m */,
				95B3234020CE9A78007D4DAE /* PDImageView.h */,
				95B3234120CE9A78007D4DAE /* PDLabel.m */,
				95B3234220CE9A78007D4DAE /* PDRefreshControl.m */,
				95B3234320CE9A78007D4DAE /* PDConfirmButton.m */,
				95B3234420CE9A78007D4DAE /* PDValueLabel.h */,
				95B3234520CE9A78007D4DAE /* PDDateLabel.m */,
				95B3234620CE9A78007D4DAE /* PDTitleLabel.h */,
				95B3234720CE9A78007D4DAE /* PDActivityIndicatorView.h */,
				95B3234820CE9A78007D4DAE /* PDErrorLabel.h */,
				95B3234920CE9A78007D4DAE /* PDButton.h */,
				95B3234A20CE9A78007D4DAE /* PDTextField.m */,
			);
			path = Views;
			sourceTree = "<group>";
		};
		95B3234B20CE9A78007D4DAE /* Protocols */ = {
			isa = PBXGroup;
			children = (
				95B3234C20CE9A78007D4DAE /* PDSectionInfo.h */,
				95B3234D20CE9A78007D4DAE /* PDHeaderFooterInfo.h */,
				95B3234E20CE9A78007D4DAE /* PDCellInfo.h */,
				95B3234F20CE9A78007D4DAE /* PDItemInfo.h */,
			);
			path = Protocols;
			sourceTree = "<group>";
		};
		95B3235020CE9A78007D4DAE /* Base */ = {
			isa = PBXGroup;
			children = (
				95B3235120CE9A78007D4DAE /* PDBaseViewController.h */,
				95B3235220CE9A78007D4DAE /* PDSectionsViewController.m */,
				95B3235320CE9A78007D4DAE /* PDBaseViewController.m */,
				95B3235420CE9A78007D4DAE /* PDSectionsViewController.h */,
			);
			path = Base;
			sourceTree = "<group>";
		};
		E13DB57BB6BC94D1533129B8 /* Pods */ = {
			isa = PBXGroup;
			children = (
				B263E66A0B8635F5B81DE070 /* Pods-PDMVVM.debug.xcconfig */,
				C8FA0EA90CE340F740847FE4 /* Pods-PDMVVM.release.xcconfig */,
			);
			name = Pods;
			sourceTree = "<group>";
		};
/* End PBXGroup section */

/* Begin PBXNativeTarget section */
		95B322ED20CE9676007D4DAE /* PDMVVM */ = {
			isa = PBXNativeTarget;
			buildConfigurationList = 95B3230420CE9678007D4DAE /* Build configuration list for PBXNativeTarget "PDMVVM" */;
			buildPhases = (
				2263472B7B6BB7ECCCBF03A5 /* [CP] Check Pods Manifest.lock */,
				95B322EA20CE9676007D4DAE /* Sources */,
				95B322EB20CE9676007D4DAE /* Frameworks */,
				95B322EC20CE9676007D4DAE /* Resources */,
			);
			buildRules = (
			);
			dependencies = (
			);
			name = PDMVVM;
			productName = PDMVVM;
			productReference = 95B322EE20CE9676007D4DAE /* PDMVVM.app */;
			productType = "com.apple.product-type.application";
		};
/* End PBXNativeTarget section */

/* Begin PBXProject section */
		95B322E620CE9676007D4DAE /* Project object */ = {
			isa = PBXProject;
			attributes = {
				LastUpgradeCheck = 0940;
				ORGANIZATIONNAME = "Pavel Deminov";
				TargetAttributes = {
					95B322ED20CE9676007D4DAE = {
						CreatedOnToolsVersion = 9.4;
					};
				};
			};
			buildConfigurationList = 95B322E920CE9676007D4DAE /* Build configuration list for PBXProject "PDMVVM" */;
			compatibilityVersion = "Xcode 9.3";
			developmentRegion = en;
			hasScannedForEncodings = 0;
			knownRegions = (
				en,
				Base,
			);
			mainGroup = 95B322E520CE9676007D4DAE;
			productRefGroup = 95B322EF20CE9676007D4DAE /* Products */;
			projectDirPath = "";
			projectRoot = "";
			targets = (
				95B322ED20CE9676007D4DAE /* PDMVVM */,
			);
		};
/* End PBXProject section */

/* Begin PBXResourcesBuildPhase section */
		95B322EC20CE9676007D4DAE /* Resources */ = {
			isa = PBXResourcesBuildPhase;
			buildActionMask = 2147483647;
			files = (
				95B322FE20CE9678007D4DAE /* LaunchScreen.storyboard in Resources */,
				95B322FB20CE9678007D4DAE /* Assets.xcassets in Resources */,
				95B322F920CE9676007D4DAE /* Main.storyboard in Resources */,
			);
			runOnlyForDeploymentPostprocessing = 0;
		};
/* End PBXResourcesBuildPhase section */

/* Begin PBXShellScriptBuildPhase section */
		2263472B7B6BB7ECCCBF03A5 /* [CP] Check Pods Manifest.lock */ = {
			isa = PBXShellScriptBuildPhase;
			buildActionMask = 2147483647;
			files = (
			);
			inputPaths = (
				"${PODS_PODFILE_DIR_PATH}/Podfile.lock",
				"${PODS_ROOT}/Manifest.lock",
			);
			name = "[CP] Check Pods Manifest.lock";
			outputPaths = (
				"$(DERIVED_FILE_DIR)/Pods-PDMVVM-checkManifestLockResult.txt",
			);
			runOnlyForDeploymentPostprocessing = 0;
			shellPath = /bin/sh;
			shellScript = "diff \"${PODS_PODFILE_DIR_PATH}/Podfile.lock\" \"${PODS_ROOT}/Manifest.lock\" > /dev/null\nif [ $? != 0 ] ; then\n    # print error to STDERR\n    echo \"error: The sandbox is not in sync with the Podfile.lock. Run 'pod install' or update your CocoaPods installation.\" >&2\n    exit 1\nfi\n# This output is used by Xcode 'outputs' to avoid re-running this script phase.\necho \"SUCCESS\" > \"${SCRIPT_OUTPUT_FILE_0}\"\n";
			showEnvVarsInLog = 0;
		};
/* End PBXShellScriptBuildPhase section */

/* Begin PBXSourcesBuildPhase section */
		95B322EA20CE9676007D4DAE /* Sources */ = {
			isa = PBXSourcesBuildPhase;
			buildActionMask = 2147483647;
			files = (
				95B3236D20CE9A78007D4DAE /* PDLabel.m in Sources */,
				95B3235D20CE9A78007D4DAE /* PDCollectionViewCell.m in Sources */,
				95B3235F20CE9A78007D4DAE /* TitleTextFieldErrorBuilder.m in Sources */,
				95B3236220CE9A78007D4DAE /* PDDataSource.m in Sources */,
				95B322F620CE9676007D4DAE /* ViewController.m in Sources */,
				95B3237320CE9A78007D4DAE /* PDBaseViewController.m in Sources */,
				95B3237120CE9A78007D4DAE /* PDTextField.m in Sources */,
				95B3230120CE9678007D4DAE /* main.m in Sources */,
				95B3236920CE9A78007D4DAE /* PDActivityIndicatorView.m in Sources */,
				95B3236C20CE9A78007D4DAE /* PDButton.m in Sources */,
				95B3236120CE9A78007D4DAE /* TitleValueBuilder.m in Sources */,
				95B3236620CE9A78007D4DAE /* PDFRCSectionInfoAdapter.m in Sources */,
				95B3235E20CE9A78007D4DAE /* PDCollectionViewController.m in Sources */,
				95B3235B20CE9A78007D4DAE /* PDViewModel.m in Sources */,
				95B3235820CE9A78007D4DAE /* PDTableViewHeaderFooter.m in Sources */,
				95B3236420CE9A78007D4DAE /* PDRule.m in Sources */,
				95B3235920CE9A78007D4DAE /* PDFRCTableViewController.m in Sources */,
				95B3235A20CE9A78007D4DAE /* PDTableViewCell.m in Sources */,
				95B322F320CE9676007D4DAE /* AppDelegate.m in Sources */,
				95B3236720CE9A78007D4DAE /* PDImageView.m in Sources */,
				95B3236B20CE9A78007D4DAE /* PDValueLabel.m in Sources */,
				95B3237020CE9A78007D4DAE /* PDDateLabel.m in Sources */,
				95B3237220CE9A78007D4DAE /* PDSectionsViewController.m in Sources */,
				95B3236320CE9A78007D4DAE /* PDItem.m in Sources */,
				95B3236A20CE9A78007D4DAE /* PDTitleLabel.m in Sources */,
				95B3235720CE9A78007D4DAE /* PDTableViewController.m in Sources */,
				95B3236520CE9A78007D4DAE /* PDSection.m in Sources */,
				95B3235C20CE9A78007D4DAE /* PDSectionsViewModel.m in Sources */,
				95B3236E20CE9A78007D4DAE /* PDRefreshControl.m in Sources */,
				95B3236820CE9A78007D4DAE /* PDErrorLabel.m in Sources */,
				95B3236F20CE9A78007D4DAE /* PDConfirmButton.m in Sources */,
				95B3236020CE9A78007D4DAE /* TitleBuilder.m in Sources */,
				95B3235620CE9A78007D4DAE /* PDScrollViewController.m in Sources */,
				95B3235520CE9A78007D4DAE /* PDScrollViewCell.m in Sources */,
			);
			runOnlyForDeploymentPostprocessing = 0;
		};
/* End PBXSourcesBuildPhase section */

/* Begin PBXVariantGroup section */
		95B322F720CE9676007D4DAE /* Main.storyboard */ = {
			isa = PBXVariantGroup;
			children = (
				95B322F820CE9676007D4DAE /* Base */,
			);
			name = Main.storyboard;
			sourceTree = "<group>";
		};
		95B322FC20CE9678007D4DAE /* LaunchScreen.storyboard */ = {
			isa = PBXVariantGroup;
			children = (
				95B322FD20CE9678007D4DAE /* Base */,
			);
			name = LaunchScreen.storyboard;
			sourceTree = "<group>";
		};
/* End PBXVariantGroup section */

/* Begin XCBuildConfiguration section */
		95B3230220CE9678007D4DAE /* Debug */ = {
			isa = XCBuildConfiguration;
			buildSettings = {
				ALWAYS_SEARCH_USER_PATHS = NO;
				CLANG_ANALYZER_NONNULL = YES;
				CLANG_ANALYZER_NUMBER_OBJECT_CONVERSION = YES_AGGRESSIVE;
				CLANG_CXX_LANGUAGE_STANDARD = "gnu++14";
				CLANG_CXX_LIBRARY = "libc++";
				CLANG_ENABLE_MODULES = YES;
				CLANG_ENABLE_OBJC_ARC = YES;
				CLANG_ENABLE_OBJC_WEAK = YES;
				CLANG_WARN_BLOCK_CAPTURE_AUTORELEASING = YES;
				CLANG_WARN_BOOL_CONVERSION = YES;
				CLANG_WARN_COMMA = YES;
				CLANG_WARN_CONSTANT_CONVERSION = YES;
				CLANG_WARN_DEPRECATED_OBJC_IMPLEMENTATIONS = YES;
				CLANG_WARN_DIRECT_OBJC_ISA_USAGE = YES_ERROR;
				CLANG_WARN_DOCUMENTATION_COMMENTS = YES;
				CLANG_WARN_EMPTY_BODY = YES;
				CLANG_WARN_ENUM_CONVERSION = YES;
				CLANG_WARN_INFINITE_RECURSION = YES;
				CLANG_WARN_INT_CONVERSION = YES;
				CLANG_WARN_NON_LITERAL_NULL_CONVERSION = YES;
				CLANG_WARN_OBJC_IMPLICIT_RETAIN_SELF = YES;
				CLANG_WARN_OBJC_LITERAL_CONVERSION = YES;
				CLANG_WARN_OBJC_ROOT_CLASS = YES_ERROR;
				CLANG_WARN_RANGE_LOOP_ANALYSIS = YES;
				CLANG_WARN_STRICT_PROTOTYPES = YES;
				CLANG_WARN_SUSPICIOUS_MOVE = YES;
				CLANG_WARN_UNGUARDED_AVAILABILITY = YES_AGGRESSIVE;
				CLANG_WARN_UNREACHABLE_CODE = YES;
				CLANG_WARN__DUPLICATE_METHOD_MATCH = YES;
				CODE_SIGN_IDENTITY = "iPhone Developer";
				COPY_PHASE_STRIP = NO;
				DEBUG_INFORMATION_FORMAT = dwarf;
				ENABLE_STRICT_OBJC_MSGSEND = YES;
				ENABLE_TESTABILITY = YES;
				GCC_C_LANGUAGE_STANDARD = gnu11;
				GCC_DYNAMIC_NO_PIC = NO;
				GCC_NO_COMMON_BLOCKS = YES;
				GCC_OPTIMIZATION_LEVEL = 0;
				GCC_PREPROCESSOR_DEFINITIONS = (
					"DEBUG=1",
					"$(inherited)",
				);
				GCC_WARN_64_TO_32_BIT_CONVERSION = YES;
				GCC_WARN_ABOUT_RETURN_TYPE = YES_ERROR;
				GCC_WARN_UNDECLARED_SELECTOR = YES;
				GCC_WARN_UNINITIALIZED_AUTOS = YES_AGGRESSIVE;
				GCC_WARN_UNUSED_FUNCTION = YES;
				GCC_WARN_UNUSED_VARIABLE = YES;
				IPHONEOS_DEPLOYMENT_TARGET = 8.0;
				MTL_ENABLE_DEBUG_INFO = YES;
				ONLY_ACTIVE_ARCH = YES;
				SDKROOT = iphoneos;
			};
			name = Debug;
		};
		95B3230320CE9678007D4DAE /* Release */ = {
			isa = XCBuildConfiguration;
			buildSettings = {
				ALWAYS_SEARCH_USER_PATHS = NO;
				CLANG_ANALYZER_NONNULL = YES;
				CLANG_ANALYZER_NUMBER_OBJECT_CONVERSION = YES_AGGRESSIVE;
				CLANG_CXX_LANGUAGE_STANDARD = "gnu++14";
				CLANG_CXX_LIBRARY = "libc++";
				CLANG_ENABLE_MODULES = YES;
				CLANG_ENABLE_OBJC_ARC = YES;
				CLANG_ENABLE_OBJC_WEAK = YES;
				CLANG_WARN_BLOCK_CAPTURE_AUTORELEASING = YES;
				CLANG_WARN_BOOL_CONVERSION = YES;
				CLANG_WARN_COMMA = YES;
				CLANG_WARN_CONSTANT_CONVERSION = YES;
				CLANG_WARN_DEPRECATED_OBJC_IMPLEMENTATIONS = YES;
				CLANG_WARN_DIRECT_OBJC_ISA_USAGE = YES_ERROR;
				CLANG_WARN_DOCUMENTATION_COMMENTS = YES;
				CLANG_WARN_EMPTY_BODY = YES;
				CLANG_WARN_ENUM_CONVERSION = YES;
				CLANG_WARN_INFINITE_RECURSION = YES;
				CLANG_WARN_INT_CONVERSION = YES;
				CLANG_WARN_NON_LITERAL_NULL_CONVERSION = YES;
				CLANG_WARN_OBJC_IMPLICIT_RETAIN_SELF = YES;
				CLANG_WARN_OBJC_LITERAL_CONVERSION = YES;
				CLANG_WARN_OBJC_ROOT_CLASS = YES_ERROR;
				CLANG_WARN_RANGE_LOOP_ANALYSIS = YES;
				CLANG_WARN_STRICT_PROTOTYPES = YES;
				CLANG_WARN_SUSPICIOUS_MOVE = YES;
				CLANG_WARN_UNGUARDED_AVAILABILITY = YES_AGGRESSIVE;
				CLANG_WARN_UNREACHABLE_CODE = YES;
				CLANG_WARN__DUPLICATE_METHOD_MATCH = YES;
				CODE_SIGN_IDENTITY = "iPhone Developer";
				COPY_PHASE_STRIP = NO;
				DEBUG_INFORMATION_FORMAT = "dwarf-with-dsym";
				ENABLE_NS_ASSERTIONS = NO;
				ENABLE_STRICT_OBJC_MSGSEND = YES;
				GCC_C_LANGUAGE_STANDARD = gnu11;
				GCC_NO_COMMON_BLOCKS = YES;
				GCC_WARN_64_TO_32_BIT_CONVERSION = YES;
				GCC_WARN_ABOUT_RETURN_TYPE = YES_ERROR;
				GCC_WARN_UNDECLARED_SELECTOR = YES;
				GCC_WARN_UNINITIALIZED_AUTOS = YES_AGGRESSIVE;
				GCC_WARN_UNUSED_FUNCTION = YES;
				GCC_WARN_UNUSED_VARIABLE = YES;
				IPHONEOS_DEPLOYMENT_TARGET = 8.0;
				MTL_ENABLE_DEBUG_INFO = NO;
				SDKROOT = iphoneos;
				VALIDATE_PRODUCT = YES;
			};
			name = Release;
		};
		95B3230520CE9678007D4DAE /* Debug */ = {
			isa = XCBuildConfiguration;
			baseConfigurationReference = B263E66A0B8635F5B81DE070 /* Pods-PDMVVM.debug.xcconfig */;
			buildSettings = {
				ASSETCATALOG_COMPILER_APPICON_NAME = AppIcon;
				CODE_SIGN_STYLE = Automatic;
				DEVELOPMENT_TEAM = A4Q293H75S;
				INFOPLIST_FILE = PDMVVM/Info.plist;
				LD_RUNPATH_SEARCH_PATHS = (
					"$(inherited)",
					"@executable_path/Frameworks",
				);
				PRODUCT_BUNDLE_IDENTIFIER = pavelDeminiv.PDMVVM;
				PRODUCT_NAME = "$(TARGET_NAME)";
				TARGETED_DEVICE_FAMILY = "1,2";
			};
			name = Debug;
		};
		95B3230620CE9678007D4DAE /* Release */ = {
			isa = XCBuildConfiguration;
			baseConfigurationReference = C8FA0EA90CE340F740847FE4 /* Pods-PDMVVM.release.xcconfig */;
			buildSettings = {
				ASSETCATALOG_COMPILER_APPICON_NAME = AppIcon;
				CODE_SIGN_STYLE = Automatic;
				DEVELOPMENT_TEAM = A4Q293H75S;
				INFOPLIST_FILE = PDMVVM/Info.plist;
				LD_RUNPATH_SEARCH_PATHS = (
					"$(inherited)",
					"@executable_path/Frameworks",
				);
				PRODUCT_BUNDLE_IDENTIFIER = pavelDeminiv.PDMVVM;
				PRODUCT_NAME = "$(TARGET_NAME)";
				TARGETED_DEVICE_FAMILY = "1,2";
			};
			name = Release;
		};
/* End XCBuildConfiguration section */

/* Begin XCConfigurationList section */
		95B322E920CE9676007D4DAE /* Build configuration list for PBXProject "PDMVVM" */ = {
			isa = XCConfigurationList;
			buildConfigurations = (
				95B3230220CE9678007D4DAE /* Debug */,
				95B3230320CE9678007D4DAE /* Release */,
			);
			defaultConfigurationIsVisible = 0;
			defaultConfigurationName = Release;
		};
		95B3230420CE9678007D4DAE /* Build configuration list for PBXNativeTarget "PDMVVM" */ = {
			isa = XCConfigurationList;
			buildConfigurations = (
				95B3230520CE9678007D4DAE /* Debug */,
				95B3230620CE9678007D4DAE /* Release */,
			);
			defaultConfigurationIsVisible = 0;
			defaultConfigurationName = Release;
		};
/* End XCConfigurationList section */
	};
	rootObject = 95B322E620CE9676007D4DAE /* Project object */;
}
